<?xml version="1.0" encoding="utf-8"?>
<Project ToolsVersion="4.0" xmlns="http://schemas.microsoft.com/developer/msbuild/2003">
  <ItemGroup>
    <ClCompile Include="Main.cpp">
      <Filter>Source Files</Filter>
    </ClCompile>
    <ClCompile Include="Model.cpp">
      <Filter>Source Files</Filter>
    </ClCompile>
    <ClCompile Include="LCD.cpp">
      <Filter>Source Files</Filter>
    </ClCompile>
    <ClCompile Include="Subject.cpp">
      <Filter>Source Files</Filter>
    </ClCompile>
    <ClCompile Include="APITwitter.cpp">
      <Filter>Source Files</Filter>
    </ClCompile>
    <ClCompile Include="Refresh.cpp">
      <Filter>Source Files</Filter>
    </ClCompile>
    <ClCompile Include="BasicLCD.cpp">
      <Filter>Source Files\Aditional</Filter>
    </ClCompile>
    <ClCompile Include="Drivers.cpp">
      <Filter>Source Files\Aditional</Filter>
    </ClCompile>
    <ClCompile Include="HitachiHD44780.cpp">
      <Filter>Source Files\Aditional</Filter>
    </ClCompile>
    <ClCompile Include="imgui.cpp">
      <Filter>Source Files\Aditional</Filter>
    </ClCompile>
    <ClCompile Include="imgui_demo.cpp">
      <Filter>Source Files\Aditional</Filter>
    </ClCompile>
    <ClCompile Include="imgui_draw.cpp">
      <Filter>Source Files\Aditional</Filter>
    </ClCompile>
    <ClCompile Include="imgui_impl_allegro5.cpp">
      <Filter>Source Files\Aditional</Filter>
    </ClCompile>
    <ClCompile Include="imgui_widgets.cpp">
      <Filter>Source Files\Aditional</Filter>
    </ClCompile>
    <ClCompile Include="ImGuiClass.cpp">
      <Filter>Source Files\Aditional</Filter>
    </ClCompile>
  </ItemGroup>
  <ItemGroup>
    <ClInclude Include="Ports.h">
      <Filter>Header Files</Filter>
    </ClInclude>
    <ClInclude Include="Model.h">
      <Filter>Header Files</Filter>
    </ClInclude>
    <ClInclude Include="LCD.h">
      <Filter>Header Files</Filter>
    </ClInclude>
    <ClInclude Include="Observer.h">
      <Filter>Header Files</Filter>
    </ClInclude>
    <ClInclude Include="Subject.h">
      <Filter>Header Files</Filter>
    </ClInclude>
    <ClInclude Include="ImGuiClass.h">
      <Filter>Header Files</Filter>
    </ClInclude>
    <ClInclude Include="APITwitter.h">
      <Filter>Header Files</Filter>
    </ClInclude>
    <ClInclude Include="Refresh.h">
      <Filter>Header Files</Filter>
    </ClInclude>
    <ClInclude Include="ftd2xx.h">
      <Filter>Header Files\Aditional</Filter>
    </ClInclude>
    <ClInclude Include="Drivers.h">
      <Filter>Header Files\Aditional</Filter>
    </ClInclude>
    <ClInclude Include="BasicLCD.h">
      <Filter>Header Files\Aditional</Filter>
    </ClInclude>
    <ClInclude Include="imconfig.h">
      <Filter>Header Files\Aditional</Filter>
    </ClInclude>
    <ClInclude Include="HitachiHD44780.h">
      <Filter>Header Files\Aditional</Filter>
    </ClInclude>
    <ClInclude Include="imgui.h">
      <Filter>Header Files\Aditional</Filter>
    </ClInclude>
    <ClInclude Include="imgui_impl_allegro5.h">
      <Filter>Header Files\Aditional</Filter>
    </ClInclude>
    <ClInclude Include="imgui_internal.h">
      <Filter>Header Files\Aditional</Filter>
    </ClInclude>
    <ClInclude Include="imstb_textedit.h">
      <Filter>Header Files\Aditional</Filter>
    </ClInclude>
    <ClInclude Include="imstb_rectpack.h">
      <Filter>Header Files\Aditional</Filter>
    </ClInclude>
    <ClInclude Include="imstb_truetype.h">
      <Filter>Header Files\Aditional</Filter>
    </ClInclude>
    <ClInclude Include="json.hpp">
      <Filter>Header Files\Aditional</Filter>
    </ClInclude>
  </ItemGroup>
  <ItemGroup>
    <Filter Include="Header Files">
      <UniqueIdentifier>{7717bd8b-ccb1-494f-a421-046cb157a97e}</UniqueIdentifier>
    </Filter>
    <Filter Include="Source Files">
      <UniqueIdentifier>{88caf9b2-7b0e-4e1c-a234-c50bf236561b}</UniqueIdentifier>
    </Filter>
    <Filter Include="Header Files\Aditional">
      <UniqueIdentifier>{c3362dca-fd66-45cb-ad37-f0922a7abcca}</UniqueIdentifier>
    </Filter>
    <Filter Include="Source Files\Aditional">
      <UniqueIdentifier>{2318226a-3649-42a3-9974-158efc349704}</UniqueIdentifier>
    </Filter>
  </ItemGroup>
  <ItemGroup>
    <None Include="packages.config" />
  </ItemGroup>
</Project>